
Microsoft Visual Studio Solution File, Format Version 12.00
# Visual Studio Version 17
VisualStudioVersion = 17.2.32630.192
MinimumVisualStudioVersion = 10.0.40219.1
Project("{FAE04EC0-301F-11D3-BF4B-00C04F79EFBC}") = "OnlineShoping", "OnlineShoping\OnlineShoping.csproj", "{B0620D81-A1E5-4E2D-910F-FFD80A6C1356}"
EndProject
Global
	GlobalSection(SolutionConfigurationPlatforms) = preSolution
		Debug|Any CPU = Debug|Any CPU
		Release|Any CPU = Release|Any CPU
	EndGlobalSection
	GlobalSection(ProjectConfigurationPlatforms) = postSolution
		{B0620D81-A1E5-4E2D-910F-FFD80A6C1356}.Debug|Any CPU.ActiveCfg = Debug|Any CPU
		{B0620D81-A1E5-4E2D-910F-FFD80A6C1356}.Debug|Any CPU.Build.0 = Debug|Any CPU
		{B0620D81-A1E5-4E2D-910F-FFD80A6C1356}.Release|Any CPU.ActiveCfg = Release|Any CPU
		{B0620D81-A1E5-4E2D-910F-FFD80A6C1356}.Release|Any CPU.Build.0 = Release|Any CPU
	EndGlobalSection
	GlobalSection(SolutionProperties) = preSolution
		HideSolutionNode = FALSE
	EndGlobalSection
	GlobalSection(ExtensibilityGlobals) = postSolution
		SolutionGuid = {975DB049-ED36-4F58-8613-B5BBBC2BE375}
	EndGlobalSection
EndGlobal
